
Microsoft Visual Studio Solution File, Format Version 12.00
# Visual Studio Version 17
VisualStudioVersion = 17.7.34031.279
MinimumVisualStudioVersion = 10.0.40219.1
Project("{FAE04EC0-301F-11D3-BF4B-00C04F79EFBC}") = "WpfApp6", "WpfApp6.csproj", "{47CF4CA5-15E7-4A78-8C0C-7007203F9E4F}"
EndProject
Global
	GlobalSection(SolutionConfigurationPlatforms) = preSolution
		Debug|Any CPU = Debug|Any CPU
		Release|Any CPU = Release|Any CPU
	EndGlobalSection
	GlobalSection(ProjectConfigurationPlatforms) = postSolution
		{47CF4CA5-15E7-4A78-8C0C-7007203F9E4F}.Debug|Any CPU.ActiveCfg = Debug|Any CPU
		{47CF4CA5-15E7-4A78-8C0C-7007203F9E4F}.Debug|Any CPU.Build.0 = Debug|Any CPU
		{47CF4CA5-15E7-4A78-8C0C-7007203F9E4F}.Release|Any CPU.ActiveCfg = Release|Any CPU
		{47CF4CA5-15E7-4A78-8C0C-7007203F9E4F}.Release|Any CPU.Build.0 = Release|Any CPU
	EndGlobalSection
	GlobalSection(SolutionProperties) = preSolution
		HideSolutionNode = FALSE
	EndGlobalSection
	GlobalSection(ExtensibilityGlobals) = postSolution
		SolutionGuid = {30A9A605-CA25-4C6E-996B-A0204043C6E0}
	EndGlobalSection
EndGlobal
